// !$*UTF8*$!
{
	archiveVersion = 1;
	classes = {
	};
	objectVersion = 48;
	objects = {

/* Begin PBXBuildFile section */
		4F16DA8F2008F07A0000DB72 /* AppDelegate.swift in Sources */ = {isa = PBXBuildFile; fileRef = 4F16DA8E2008F07A0000DB72 /* AppDelegate.swift */; };
		4F16DA942008F07A0000DB72 /* Main.storyboard in Resources */ = {isa = PBXBuildFile; fileRef = 4F16DA922008F07A0000DB72 /* Main.storyboard */; };
		4F16DA972008F07A0000DB72 /* queRule.xcdatamodeld in Sources */ = {isa = PBXBuildFile; fileRef = 4F16DA952008F07A0000DB72 /* queRule.xcdatamodeld */; };
		4F16DA992008F07A0000DB72 /* Assets.xcassets in Resources */ = {isa = PBXBuildFile; fileRef = 4F16DA982008F07A0000DB72 /* Assets.xcassets */; };
		4F16DA9C2008F07A0000DB72 /* LaunchScreen.storyboard in Resources */ = {isa = PBXBuildFile; fileRef = 4F16DA9A2008F07A0000DB72 /* LaunchScreen.storyboard */; };
		4F16DAA42008FE620000DB72 /* GamesViewController.swift in Sources */ = {isa = PBXBuildFile; fileRef = 4F16DAA32008FE620000DB72 /* GamesViewController.swift */; };
		4F16DAA62008FE790000DB72 /* AddGameViewController.swift in Sources */ = {isa = PBXBuildFile; fileRef = 4F16DAA52008FE790000DB72 /* AddGameViewController.swift */; };
		4F16DAA82008FECC0000DB72 /* GameCell.swift in Sources */ = {isa = PBXBuildFile; fileRef = 4F16DAA72008FECC0000DB72 /* GameCell.swift */; };
/* End PBXBuildFile section */

/* Begin PBXFileReference section */
		4F16DA8B2008F07A0000DB72 /* queRule.app */ = {isa = PBXFileReference; explicitFileType = wrapper.application; includeInIndex = 0; path = queRule.app; sourceTree = BUILT_PRODUCTS_DIR; };
		4F16DA8E2008F07A0000DB72 /* AppDelegate.swift */ = {isa = PBXFileReference; lastKnownFileType = sourcecode.swift; path = AppDelegate.swift; sourceTree = "<group>"; };
		4F16DA932008F07A0000DB72 /* Base */ = {isa = PBXFileReference; lastKnownFileType = file.storyboard; name = Base; path = Base.lproj/Main.storyboard; sourceTree = "<group>"; };
		4F16DA962008F07A0000DB72 /* queRule.xcdatamodel */ = {isa = PBXFileReference; lastKnownFileType = wrapper.xcdatamodel; path = queRule.xcdatamodel; sourceTree = "<group>"; };
		4F16DA982008F07A0000DB72 /* Assets.xcassets */ = {isa = PBXFileReference; lastKnownFileType = folder.assetcatalog; path = Assets.xcassets; sourceTree = "<group>"; };
		4F16DA9B2008F07A0000DB72 /* Base */ = {isa = PBXFileReference; lastKnownFileType = file.storyboard; name = Base; path = Base.lproj/LaunchScreen.storyboard; sourceTree = "<group>"; };
		4F16DA9D2008F07A0000DB72 /* Info.plist */ = {isa = PBXFileReference; lastKnownFileType = text.plist.xml; path = Info.plist; sourceTree = "<group>"; };
		4F16DAA32008FE620000DB72 /* GamesViewController.swift */ = {isa = PBXFileReference; lastKnownFileType = sourcecode.swift; path = GamesViewController.swift; sourceTree = "<group>"; };
		4F16DAA52008FE790000DB72 /* AddGameViewController.swift */ = {isa = PBXFileReference; lastKnownFileType = sourcecode.swift; path = AddGameViewController.swift; sourceTree = "<group>"; };
		4F16DAA72008FECC0000DB72 /* GameCell.swift */ = {isa = PBXFileReference; lastKnownFileType = sourcecode.swift; path = GameCell.swift; sourceTree = "<group>"; };
/* End PBXFileReference section */

/* Begin PBXFrameworksBuildPhase section */
		4F16DA882008F07A0000DB72 /* Frameworks */ = {
			isa = PBXFrameworksBuildPhase;
			buildActionMask = 2147483647;
			files = (
			);
			runOnlyForDeploymentPostprocessing = 0;
		};
/* End PBXFrameworksBuildPhase section */

/* Begin PBXGroup section */
		4F16DA822008F07A0000DB72 = {
			isa = PBXGroup;
			children = (
				4F16DA8D2008F07A0000DB72 /* queRule */,
				4F16DA8C2008F07A0000DB72 /* Products */,
			);
			sourceTree = "<group>";
		};
		4F16DA8C2008F07A0000DB72 /* Products */ = {
			isa = PBXGroup;
			children = (
				4F16DA8B2008F07A0000DB72 /* queRule.app */,
			);
			name = Products;
			sourceTree = "<group>";
		};
		4F16DA8D2008F07A0000DB72 /* queRule */ = {
			isa = PBXGroup;
			children = (
				4F16DA8E2008F07A0000DB72 /* AppDelegate.swift */,
				4F16DAA32008FE620000DB72 /* GamesViewController.swift */,
				4F16DAA52008FE790000DB72 /* AddGameViewController.swift */,
				4F16DAA72008FECC0000DB72 /* GameCell.swift */,
				4F16DA922008F07A0000DB72 /* Main.storyboard */,
				4F16DA982008F07A0000DB72 /* Assets.xcassets */,
				4F16DA9A2008F07A0000DB72 /* LaunchScreen.storyboard */,
				4F16DA9D2008F07A0000DB72 /* Info.plist */,
				4F16DA952008F07A0000DB72 /* queRule.xcdatamodeld */,
			);
			path = queRule;
			sourceTree = "<group>";
		};
/* End PBXGroup section */

/* Begin PBXNativeTarget section */
		4F16DA8A2008F07A0000DB72 /* queRule */ = {
			isa = PBXNativeTarget;
			buildConfigurationList = 4F16DAA02008F07A0000DB72 /* Build configuration list for PBXNativeTarget "queRule" */;
			buildPhases = (
				4F16DA872008F07A0000DB72 /* Sources */,
				4F16DA882008F07A0000DB72 /* Frameworks */,
				4F16DA892008F07A0000DB72 /* Resources */,
			);
			buildRules = (
			);
			dependencies = (
			);
			name = queRule;
			productName = queRule;
			productReference = 4F16DA8B2008F07A0000DB72 /* queRule.app */;
			productType = "com.apple.product-type.application";
		};
/* End PBXNativeTarget section */

/* Begin PBXProject section */
		4F16DA832008F07A0000DB72 /* Project object */ = {
			isa = PBXProject;
			attributes = {
				LastSwiftUpdateCheck = 0920;
				LastUpgradeCheck = 0920;
				ORGANIZATIONNAME = "Roger Florat";
				TargetAttributes = {
					4F16DA8A2008F07A0000DB72 = {
						CreatedOnToolsVersion = 9.2;
						ProvisioningStyle = Automatic;
					};
				};
			};
			buildConfigurationList = 4F16DA862008F07A0000DB72 /* Build configuration list for PBXProject "queRule" */;
			compatibilityVersion = "Xcode 8.0";
			developmentRegion = en;
			hasScannedForEncodings = 0;
			knownRegions = (
				en,
				Base,
			);
			mainGroup = 4F16DA822008F07A0000DB72;
			productRefGroup = 4F16DA8C2008F07A0000DB72 /* Products */;
			projectDirPath = "";
			projectRoot = "";
			targets = (
				4F16DA8A2008F07A0000DB72 /* queRule */,
			);
		};
/* End PBXProject section */

/* Begin PBXResourcesBuildPhase section */
		4F16DA892008F07A0000DB72 /* Resources */ = {
			isa = PBXResourcesBuildPhase;
			buildActionMask = 2147483647;
			files = (
				4F16DA9C2008F07A0000DB72 /* LaunchScreen.storyboard in Resources */,
				4F16DA992008F07A0000DB72 /* Assets.xcassets in Resources */,
				4F16DA942008F07A0000DB72 /* Main.storyboard in Resources */,
			);
			runOnlyForDeploymentPostprocessing = 0;
		};
/* End PBXResourcesBuildPhase section */

/* Begin PBXSourcesBuildPhase section */
		4F16DA872008F07A0000DB72 /* Sources */ = {
			isa = PBXSourcesBuildPhase;
			buildActionMask = 2147483647;
			files = (
				4F16DAA82008FECC0000DB72 /* GameCell.swift in Sources */,
				4F16DAA62008FE790000DB72 /* AddGameViewController.swift in Sources */,
				4F16DA972008F07A0000DB72 /* queRule.xcdatamodeld in Sources */,
				4F16DAA42008FE620000DB72 /* GamesViewController.swift in Sources */,
				4F16DA8F2008F07A0000DB72 /* AppDelegate.swift in Sources */,
			);
			runOnlyForDeploymentPostprocessing = 0;
		};
/* End PBXSourcesBuildPhase section */

/* Begin PBXVariantGroup section */
		4F16DA922008F07A0000DB72 /* Main.storyboard */ = {
			isa = PBXVariantGroup;
			children = (
				4F16DA932008F07A0000DB72 /* Base */,
			);
			name = Main.storyboard;
			sourceTree = "<group>";
		};
		4F16DA9A2008F07A0000DB72 /* LaunchScreen.storyboard */ = {
			isa = PBXVariantGroup;
			children = (
				4F16DA9B2008F07A0000DB72 /* Base */,
			);
			name = LaunchScreen.storyboard;
			sourceTree = "<group>";
		};
/* End PBXVariantGroup section */

/* Begin XCBuildConfiguration section */
		4F16DA9E2008F07A0000DB72 /* Debug */ = {
			isa = XCBuildConfiguration;
			buildSettings = {
				ALWAYS_SEARCH_USER_PATHS = NO;
				CLANG_ANALYZER_NONNULL = YES;
				CLANG_ANALYZER_NUMBER_OBJECT_CONVERSION = YES_AGGRESSIVE;
				CLANG_CXX_LANGUAGE_STANDARD = "gnu++14";
				CLANG_CXX_LIBRARY = "libc++";
				CLANG_ENABLE_MODULES = YES;
				CLANG_ENABLE_OBJC_ARC = YES;
				CLANG_WARN_BLOCK_CAPTURE_AUTORELEASING = YES;
				CLANG_WARN_BOOL_CONVERSION = YES;
				CLANG_WARN_COMMA = YES;
				CLANG_WARN_CONSTANT_CONVERSION = YES;
				CLANG_WARN_DIRECT_OBJC_ISA_USAGE = YES_ERROR;
				CLANG_WARN_DOCUMENTATION_COMMENTS = YES;
				CLANG_WARN_EMPTY_BODY = YES;
				CLANG_WARN_ENUM_CONVERSION = YES;
				CLANG_WARN_INFINITE_RECURSION = YES;
				CLANG_WARN_INT_CONVERSION = YES;
				CLANG_WARN_NON_LITERAL_NULL_CONVERSION = YES;
				CLANG_WARN_OBJC_LITERAL_CONVERSION = YES;
				CLANG_WARN_OBJC_ROOT_CLASS = YES_ERROR;
				CLANG_WARN_RANGE_LOOP_ANALYSIS = YES;
				CLANG_WARN_STRICT_PROTOTYPES = YES;
				CLANG_WARN_SUSPICIOUS_MOVE = YES;
				CLANG_WARN_UNGUARDED_AVAILABILITY = YES_AGGRESSIVE;
				CLANG_WARN_UNREACHABLE_CODE = YES;
				CLANG_WARN__DUPLICATE_METHOD_MATCH = YES;
				CODE_SIGN_IDENTITY = "iPhone Developer";
				COPY_PHASE_STRIP = NO;
				DEBUG_INFORMATION_FORMAT = dwarf;
				ENABLE_STRICT_OBJC_MSGSEND = YES;
				ENABLE_TESTABILITY = YES;
				GCC_C_LANGUAGE_STANDARD = gnu11;
				GCC_DYNAMIC_NO_PIC = NO;
				GCC_NO_COMMON_BLOCKS = YES;
				GCC_OPTIMIZATION_LEVEL = 0;
				GCC_PREPROCESSOR_DEFINITIONS = (
					"DEBUG=1",
					"$(inherited)",
				);
				GCC_WARN_64_TO_32_BIT_CONVERSION = YES;
				GCC_WARN_ABOUT_RETURN_TYPE = YES_ERROR;
				GCC_WARN_UNDECLARED_SELECTOR = YES;
				GCC_WARN_UNINITIALIZED_AUTOS = YES_AGGRESSIVE;
				GCC_WARN_UNUSED_FUNCTION = YES;
				GCC_WARN_UNUSED_VARIABLE = YES;
				IPHONEOS_DEPLOYMENT_TARGET = 11.2;
				MTL_ENABLE_DEBUG_INFO = YES;
				ONLY_ACTIVE_ARCH = YES;
				SDKROOT = iphoneos;
				SWIFT_ACTIVE_COMPILATION_CONDITIONS = DEBUG;
				SWIFT_OPTIMIZATION_LEVEL = "-Onone";
			};
			name = Debug;
		};
		4F16DA9F2008F07A0000DB72 /* Release */ = {
			isa = XCBuildConfiguration;
			buildSettings = {
				ALWAYS_SEARCH_USER_PATHS = NO;
				CLANG_ANALYZER_NONNULL = YES;
				CLANG_ANALYZER_NUMBER_OBJECT_CONVERSION = YES_AGGRESSIVE;
				CLANG_CXX_LANGUAGE_STANDARD = "gnu++14";
				CLANG_CXX_LIBRARY = "libc++";
				CLANG_ENABLE_MODULES = YES;
				CLANG_ENABLE_OBJC_ARC = YES;
				CLANG_WARN_BLOCK_CAPTURE_AUTORELEASING = YES;
				CLANG_WARN_BOOL_CONVERSION = YES;
				CLANG_WARN_COMMA = YES;
				CLANG_WARN_CONSTANT_CONVERSION = YES;
				CLANG_WARN_DIRECT_OBJC_ISA_USAGE = YES_ERROR;
				CLANG_WARN_DOCUMENTATION_COMMENTS = YES;
				CLANG_WARN_EMPTY_BODY = YES;
				CLANG_WARN_ENUM_CONVERSION = YES;
				CLANG_WARN_INFINITE_RECURSION = YES;
				CLANG_WARN_INT_CONVERSION = YES;
				CLANG_WARN_NON_LITERAL_NULL_CONVERSION = YES;
				CLANG_WARN_OBJC_LITERAL_CONVERSION = YES;
				CLANG_WARN_OBJC_ROOT_CLASS = YES_ERROR;
				CLANG_WARN_RANGE_LOOP_ANALYSIS = YES;
				CLANG_WARN_STRICT_PROTOTYPES = YES;
				CLANG_WARN_SUSPICIOUS_MOVE = YES;
				CLANG_WARN_UNGUARDED_AVAILABILITY = YES_AGGRESSIVE;
				CLANG_WARN_UNREACHABLE_CODE = YES;
				CLANG_WARN__DUPLICATE_METHOD_MATCH = YES;
				CODE_SIGN_IDENTITY = "iPhone Developer";
				COPY_PHASE_STRIP = NO;
				DEBUG_INFORMATION_FORMAT = "dwarf-with-dsym";
				ENABLE_NS_ASSERTIONS = NO;
				ENABLE_STRICT_OBJC_MSGSEND = YES;
				GCC_C_LANGUAGE_STANDARD = gnu11;
				GCC_NO_COMMON_BLOCKS = YES;
				GCC_WARN_64_TO_32_BIT_CONVERSION = YES;
				GCC_WARN_ABOUT_RETURN_TYPE = YES_ERROR;
				GCC_WARN_UNDECLARED_SELECTOR = YES;
				GCC_WARN_UNINITIALIZED_AUTOS = YES_AGGRESSIVE;
				GCC_WARN_UNUSED_FUNCTION = YES;
				GCC_WARN_UNUSED_VARIABLE = YES;
				IPHONEOS_DEPLOYMENT_TARGET = 11.2;
				MTL_ENABLE_DEBUG_INFO = NO;
				SDKROOT = iphoneos;
				SWIFT_OPTIMIZATION_LEVEL = "-Owholemodule";
				VALIDATE_PRODUCT = YES;
			};
			name = Release;
		};
		4F16DAA12008F07A0000DB72 /* Debug */ = {
			isa = XCBuildConfiguration;
			buildSettings = {
				ASSETCATALOG_COMPILER_APPICON_NAME = AppIcon;
				CODE_SIGN_STYLE = Automatic;
				DEVELOPMENT_TEAM = 4JN5ZWL7XP;
				INFOPLIST_FILE = queRule/Info.plist;
				LD_RUNPATH_SEARCH_PATHS = "$(inherited) @executable_path/Frameworks";
				PRODUCT_BUNDLE_IDENTIFIER = com.rogerflorat.queRule;
				PRODUCT_NAME = "$(TARGET_NAME)";
				SWIFT_VERSION = 4.0;
				TARGETED_DEVICE_FAMILY = "1,2";
			};
			name = Debug;
		};
		4F16DAA22008F07A0000DB72 /* Release */ = {
			isa = XCBuildConfiguration;
			buildSettings = {
				ASSETCATALOG_COMPILER_APPICON_NAME = AppIcon;
				CODE_SIGN_STYLE = Automatic;
				DEVELOPMENT_TEAM = 4JN5ZWL7XP;
				INFOPLIST_FILE = queRule/Info.plist;
				LD_RUNPATH_SEARCH_PATHS = "$(inherited) @executable_path/Frameworks";
				PRODUCT_BUNDLE_IDENTIFIER = com.rogerflorat.queRule;
				PRODUCT_NAME = "$(TARGET_NAME)";
				SWIFT_VERSION = 4.0;
				TARGETED_DEVICE_FAMILY = "1,2";
			};
			name = Release;
		};
/* End XCBuildConfiguration section */

/* Begin XCConfigurationList section */
		4F16DA862008F07A0000DB72 /* Build configuration list for PBXProject "queRule" */ = {
			isa = XCConfigurationList;
			buildConfigurations = (
				4F16DA9E2008F07A0000DB72 /* Debug */,
				4F16DA9F2008F07A0000DB72 /* Release */,
			);
			defaultConfigurationIsVisible = 0;
			defaultConfigurationName = Release;
		};
		4F16DAA02008F07A0000DB72 /* Build configuration list for PBXNativeTarget "queRule" */ = {
			isa = XCConfigurationList;
			buildConfigurations = (
				4F16DAA12008F07A0000DB72 /* Debug */,
				4F16DAA22008F07A0000DB72 /* Release */,
			);
			defaultConfigurationIsVisible = 0;
			defaultConfigurationName = Release;
		};
/* End XCConfigurationList section */

/* Begin XCVersionGroup section */
		4F16DA952008F07A0000DB72 /* queRule.xcdatamodeld */ = {
			isa = XCVersionGroup;
			children = (
				4F16DA962008F07A0000DB72 /* queRule.xcdatamodel */,
			);
			currentVersion = 4F16DA962008F07A0000DB72 /* queRule.xcdatamodel */;
			path = queRule.xcdatamodeld;
			sourceTree = "<group>";
			versionGroupType = wrapper.xcdatamodel;
		};
/* End XCVersionGroup section */
	};
	rootObject = 4F16DA832008F07A0000DB72 /* Project object */;
}
